// !$*UTF8*$!
{
	archiveVersion = 1;
	classes = {
	};
	objectVersion = 51;
	objects = {

/* Begin PBXBuildFile section */
		1AFE454613641BDA0101B928 /* Pods_LYCoreTextAppleUITests.framework in Frameworks */ = {isa = PBXBuildFile; fileRef = 9B88981341E16FCDC6FF4760 /* Pods_LYCoreTextAppleUITests.framework */; };
		4FC4832A23CF2617007E8990 /* AppDelegate.m in Sources */ = {isa = PBXBuildFile; fileRef = 4FC4832923CF2617007E8990 /* AppDelegate.m */; };
		4FC4833023CF2617007E8990 /* ViewController.m in Sources */ = {isa = PBXBuildFile; fileRef = 4FC4832F23CF2617007E8990 /* ViewController.m */; };
		4FC4833323CF2617007E8990 /* Main.storyboard in Resources */ = {isa = PBXBuildFile; fileRef = 4FC4833123CF2617007E8990 /* Main.storyboard */; };
		4FC4833523CF2618007E8990 /* Assets.xcassets in Resources */ = {isa = PBXBuildFile; fileRef = 4FC4833423CF2618007E8990 /* Assets.xcassets */; };
		4FC4833823CF2618007E8990 /* LaunchScreen.storyboard in Resources */ = {isa = PBXBuildFile; fileRef = 4FC4833623CF2618007E8990 /* LaunchScreen.storyboard */; };
		4FC4833B23CF2618007E8990 /* main.m in Sources */ = {isa = PBXBuildFile; fileRef = 4FC4833A23CF2618007E8990 /* main.m */; };
		4FC4834523CF2618007E8990 /* LYCoreTextAppleTests.m in Sources */ = {isa = PBXBuildFile; fileRef = 4FC4834423CF2618007E8990 /* LYCoreTextAppleTests.m */; };
		4FC4835023CF2618007E8990 /* LYCoreTextAppleUITests.m in Sources */ = {isa = PBXBuildFile; fileRef = 4FC4834F23CF2618007E8990 /* LYCoreTextAppleUITests.m */; };
		4FC4836323CF2677007E8990 /* CTView.m in Sources */ = {isa = PBXBuildFile; fileRef = 4FC4835E23CF2676007E8990 /* CTView.m */; };
		4FC4836423CF2677007E8990 /* core_text_arch_2x.png in Resources */ = {isa = PBXBuildFile; fileRef = 4FC4836023CF2676007E8990 /* core_text_arch_2x.png */; };
		4FC4836523CF2677007E8990 /* CTLineView.m in Sources */ = {isa = PBXBuildFile; fileRef = 4FC4836223CF2676007E8990 /* CTLineView.m */; };
		4FC4836823CFFF79007E8990 /* CTNonrectangularView.m in Sources */ = {isa = PBXBuildFile; fileRef = 4FC4836723CFFF79007E8990 /* CTNonrectangularView.m */; };
		4FD71C9923D1654000057372 /* CoreTextUtil.m in Sources */ = {isa = PBXBuildFile; fileRef = 4FD71C9823D1654000057372 /* CoreTextUtil.m */; };
		4FD71C9D23D16D4600057372 /* CTDisplayView.m in Sources */ = {isa = PBXBuildFile; fileRef = 4FD71C9C23D16D4600057372 /* CTDisplayView.m */; };
		4FD71CA023D1945100057372 /* UIView+frameAdjust.m in Sources */ = {isa = PBXBuildFile; fileRef = 4FD71C9E23D1945000057372 /* UIView+frameAdjust.m */; };
		4FD71CA423D403C200057372 /* CTCustomLayer.m in Sources */ = {isa = PBXBuildFile; fileRef = 4FD71CA323D403C200057372 /* CTCustomLayer.m */; };
		4FD71CA723D4055600057372 /* CTCustomView.m in Sources */ = {isa = PBXBuildFile; fileRef = 4FD71CA623D4055600057372 /* CTCustomView.m */; };
		4FD71CB023D43FF100057372 /* WMGFontMetrics.m in Sources */ = {isa = PBXBuildFile; fileRef = 4FD71CAF23D43FF100057372 /* WMGFontMetrics.m */; };
		4FD71CB323D44ED200057372 /* WMGTextLayoutRun.m in Sources */ = {isa = PBXBuildFile; fileRef = 4FD71CB223D44ED200057372 /* WMGTextLayoutRun.m */; };
		4FD71CB623D4515000057372 /* WMGTextLayout.m in Sources */ = {isa = PBXBuildFile; fileRef = 4FD71CB523D4515000057372 /* WMGTextLayout.m */; };
		4FD71CB923D4589400057372 /* WMGTextLayoutFrame.m in Sources */ = {isa = PBXBuildFile; fileRef = 4FD71CB823D4589400057372 /* WMGTextLayoutFrame.m */; };
		4FD71CBC23D458D600057372 /* WMGTextLayoutLine.m in Sources */ = {isa = PBXBuildFile; fileRef = 4FD71CBB23D458D600057372 /* WMGTextLayoutLine.m */; };
		4FD71CBF23D5527300057372 /* WMGTextDrawer.m in Sources */ = {isa = PBXBuildFile; fileRef = 4FD71CBE23D5527300057372 /* WMGTextDrawer.m */; };
		4FD71CC223D552B600057372 /* WMGTextDrawer+Coordinate.m in Sources */ = {isa = PBXBuildFile; fileRef = 4FD71CC123D552B600057372 /* WMGTextDrawer+Coordinate.m */; };
		4FD71CC523D5535200057372 /* WMGTextLayout+Coordinate.m in Sources */ = {isa = PBXBuildFile; fileRef = 4FD71CC423D5535200057372 /* WMGTextLayout+Coordinate.m */; };
		4FD71CC923D5564600057372 /* NSMutableAttributedString+GTextProperty.m in Sources */ = {isa = PBXBuildFile; fileRef = 4FD71CC823D5564600057372 /* NSMutableAttributedString+GTextProperty.m */; };
		4FD71CD723D5B90B00057372 /* 2230188-57a0767a279bb319.png in Resources */ = {isa = PBXBuildFile; fileRef = 4FD71CD423D5B90B00057372 /* 2230188-57a0767a279bb319.png */; };
		4FD71CD823D5B90B00057372 /* 2230188-cfa554eb5d7a90c6.png in Resources */ = {isa = PBXBuildFile; fileRef = 4FD71CD523D5B90B00057372 /* 2230188-cfa554eb5d7a90c6.png */; };
		4FD71CD923D5B90B00057372 /* 2230188-ad3809a3652a90a9.png in Resources */ = {isa = PBXBuildFile; fileRef = 4FD71CD623D5B90B00057372 /* 2230188-ad3809a3652a90a9.png */; };
		4FD71CDC23D69C9700057372 /* WMGTextAttachment.m in Sources */ = {isa = PBXBuildFile; fileRef = 4FD71CDB23D69C9700057372 /* WMGTextAttachment.m */; };
		4FD71CE223D6D5FA00057372 /* WMGImage.m in Sources */ = {isa = PBXBuildFile; fileRef = 4FD71CE123D6D5FA00057372 /* WMGImage.m */; };
		4FD71CE523D6D63F00057372 /* UIImage+Graver.m in Sources */ = {isa = PBXBuildFile; fileRef = 4FD71CE423D6D63F00057372 /* UIImage+Graver.m */; };
		4FD71CFB23D6DB1500057372 /* UIBezierPath+Graver.m in Sources */ = {isa = PBXBuildFile; fileRef = 4FD71CF523D6DB1400057372 /* UIBezierPath+Graver.m */; };
		4FD71CFC23D6DB1500057372 /* NSObject+Graver.m in Sources */ = {isa = PBXBuildFile; fileRef = 4FD71CF623D6DB1400057372 /* NSObject+Graver.m */; };
		4FD71CFD23D6DB1500057372 /* UIFont+Graver.m in Sources */ = {isa = PBXBuildFile; fileRef = 4FD71CF723D6DB1400057372 /* UIFont+Graver.m */; };
		4FD71CFE23D6DB1500057372 /* UIDevice+Graver.m in Sources */ = {isa = PBXBuildFile; fileRef = 4FD71CF923D6DB1400057372 /* UIDevice+Graver.m */; };
		5101A0A423CF5CFA007B07D2 /* CTMultiColumnView.m in Sources */ = {isa = PBXBuildFile; fileRef = 5101A0A323CF5CFA007B07D2 /* CTMultiColumnView.m */; };
		5101A0A723CF5F50007B07D2 /* CTLineBreaking.m in Sources */ = {isa = PBXBuildFile; fileRef = 5101A0A623CF5F50007B07D2 /* CTLineBreaking.m */; };
		5101A0AA23CF6BF8007B07D2 /* CTParagraphStyleView.m in Sources */ = {isa = PBXBuildFile; fileRef = 5101A0A923CF6BF8007B07D2 /* CTParagraphStyleView.m */; };
		8987B45023D0B84000E4FFC2 /* CoreTextData.m in Sources */ = {isa = PBXBuildFile; fileRef = 8987B44F23D0B84000E4FFC2 /* CoreTextData.m */; };
		8987B45323D0BAE600E4FFC2 /* CoreTextImageData.m in Sources */ = {isa = PBXBuildFile; fileRef = 8987B45223D0BAE600E4FFC2 /* CoreTextImageData.m */; };
		8987B45823D0C0AF00E4FFC2 /* cursor@2x.png in Resources */ = {isa = PBXBuildFile; fileRef = 8987B45423D0C0AE00E4FFC2 /* cursor@2x.png */; };
		8987B45923D0C0AF00E4FFC2 /* coretext-image-1.jpg in Resources */ = {isa = PBXBuildFile; fileRef = 8987B45523D0C0AE00E4FFC2 /* coretext-image-1.jpg */; };
		8987B45A23D0C0AF00E4FFC2 /* coretext-image-2.jpg in Resources */ = {isa = PBXBuildFile; fileRef = 8987B45623D0C0AE00E4FFC2 /* coretext-image-2.jpg */; };
		8987B45B23D0C0AF00E4FFC2 /* red@2x.png in Resources */ = {isa = PBXBuildFile; fileRef = 8987B45723D0C0AF00E4FFC2 /* red@2x.png */; };
		8987B45D23D0C0C900E4FFC2 /* content.json in Resources */ = {isa = PBXBuildFile; fileRef = 8987B45C23D0C0C900E4FFC2 /* content.json */; };
		8987B46123D0C15700E4FFC2 /* CTFrameParserConfig.m in Sources */ = {isa = PBXBuildFile; fileRef = 8987B46023D0C15700E4FFC2 /* CTFrameParserConfig.m */; };
		8987B46423D0C22600E4FFC2 /* CTFrameParser.m in Sources */ = {isa = PBXBuildFile; fileRef = 8987B46323D0C22600E4FFC2 /* CTFrameParser.m */; };
		8987B46723D2026E00E4FFC2 /* CoreTextLinkData.m in Sources */ = {isa = PBXBuildFile; fileRef = 8987B46623D2026E00E4FFC2 /* CoreTextLinkData.m */; };
		E73372F9AC439A5A2224E98D /* Pods_LYCoreTextApple.framework in Frameworks */ = {isa = PBXBuildFile; fileRef = 34489EE955144F0C19573454 /* Pods_LYCoreTextApple.framework */; };
		F9C8B7AC749BEAA80AFFA6A1 /* Pods_LYCoreTextAppleTests.framework in Frameworks */ = {isa = PBXBuildFile; fileRef = 1CF22EA73DFDBE0435039F97 /* Pods_LYCoreTextAppleTests.framework */; };
/* End PBXBuildFile section */

/* Begin PBXContainerItemProxy section */
		4FC4834123CF2618007E8990 /* PBXContainerItemProxy */ = {
			isa = PBXContainerItemProxy;
			containerPortal = 4FC4831D23CF2617007E8990 /* Project object */;
			proxyType = 1;
			remoteGlobalIDString = 4FC4832423CF2617007E8990;
			remoteInfo = LYCoreTextApple;
		};
		4FC4834C23CF2618007E8990 /* PBXContainerItemProxy */ = {
			isa = PBXContainerItemProxy;
			containerPortal = 4FC4831D23CF2617007E8990 /* Project object */;
			proxyType = 1;
			remoteGlobalIDString = 4FC4832423CF2617007E8990;
			remoteInfo = LYCoreTextApple;
		};
/* End PBXContainerItemProxy section */

/* Begin PBXFileReference section */
		17CBF938310269BC9784D14D /* Pods-LYCoreTextApple.release.xcconfig */ = {isa = PBXFileReference; includeInIndex = 1; lastKnownFileType = text.xcconfig; name = "Pods-LYCoreTextApple.release.xcconfig"; path = "Target Support Files/Pods-LYCoreTextApple/Pods-LYCoreTextApple.release.xcconfig"; sourceTree = "<group>"; };
		1CF22EA73DFDBE0435039F97 /* Pods_LYCoreTextAppleTests.framework */ = {isa = PBXFileReference; explicitFileType = wrapper.framework; includeInIndex = 0; path = Pods_LYCoreTextAppleTests.framework; sourceTree = BUILT_PRODUCTS_DIR; };
		2056197610A8CF661FDAD325 /* Pods-LYCoreTextAppleUITests.debug.xcconfig */ = {isa = PBXFileReference; includeInIndex = 1; lastKnownFileType = text.xcconfig; name = "Pods-LYCoreTextAppleUITests.debug.xcconfig"; path = "Target Support Files/Pods-LYCoreTextAppleUITests/Pods-LYCoreTextAppleUITests.debug.xcconfig"; sourceTree = "<group>"; };
		34489EE955144F0C19573454 /* Pods_LYCoreTextApple.framework */ = {isa = PBXFileReference; explicitFileType = wrapper.framework; includeInIndex = 0; path = Pods_LYCoreTextApple.framework; sourceTree = BUILT_PRODUCTS_DIR; };
		4FC4832523CF2617007E8990 /* LYCoreTextApple.app */ = {isa = PBXFileReference; explicitFileType = wrapper.application; includeInIndex = 0; path = LYCoreTextApple.app; sourceTree = BUILT_PRODUCTS_DIR; };
		4FC4832823CF2617007E8990 /* AppDelegate.h */ = {isa = PBXFileReference; lastKnownFileType = sourcecode.c.h; path = AppDelegate.h; sourceTree = "<group>"; };
		4FC4832923CF2617007E8990 /* AppDelegate.m */ = {isa = PBXFileReference; lastKnownFileType = sourcecode.c.objc; path = AppDelegate.m; sourceTree = "<group>"; };
		4FC4832E23CF2617007E8990 /* ViewController.h */ = {isa = PBXFileReference; lastKnownFileType = sourcecode.c.h; path = ViewController.h; sourceTree = "<group>"; };
		4FC4832F23CF2617007E8990 /* ViewController.m */ = {isa = PBXFileReference; lastKnownFileType = sourcecode.c.objc; path = ViewController.m; sourceTree = "<group>"; };
		4FC4833223CF2617007E8990 /* Base */ = {isa = PBXFileReference; lastKnownFileType = file.storyboard; name = Base; path = Base.lproj/Main.storyboard; sourceTree = "<group>"; };
		4FC4833423CF2618007E8990 /* Assets.xcassets */ = {isa = PBXFileReference; lastKnownFileType = folder.assetcatalog; path = Assets.xcassets; sourceTree = "<group>"; };
		4FC4833723CF2618007E8990 /* Base */ = {isa = PBXFileReference; lastKnownFileType = file.storyboard; name = Base; path = Base.lproj/LaunchScreen.storyboard; sourceTree = "<group>"; };
		4FC4833923CF2618007E8990 /* Info.plist */ = {isa = PBXFileReference; lastKnownFileType = text.plist.xml; path = Info.plist; sourceTree = "<group>"; };
		4FC4833A23CF2618007E8990 /* main.m */ = {isa = PBXFileReference; lastKnownFileType = sourcecode.c.objc; path = main.m; sourceTree = "<group>"; };
		4FC4834023CF2618007E8990 /* LYCoreTextAppleTests.xctest */ = {isa = PBXFileReference; explicitFileType = wrapper.cfbundle; includeInIndex = 0; path = LYCoreTextAppleTests.xctest; sourceTree = BUILT_PRODUCTS_DIR; };
		4FC4834423CF2618007E8990 /* LYCoreTextAppleTests.m */ = {isa = PBXFileReference; lastKnownFileType = sourcecode.c.objc; path = LYCoreTextAppleTests.m; sourceTree = "<group>"; };
		4FC4834623CF2618007E8990 /* Info.plist */ = {isa = PBXFileReference; lastKnownFileType = text.plist.xml; path = Info.plist; sourceTree = "<group>"; };
		4FC4834B23CF2618007E8990 /* LYCoreTextAppleUITests.xctest */ = {isa = PBXFileReference; explicitFileType = wrapper.cfbundle; includeInIndex = 0; path = LYCoreTextAppleUITests.xctest; sourceTree = BUILT_PRODUCTS_DIR; };
		4FC4834F23CF2618007E8990 /* LYCoreTextAppleUITests.m */ = {isa = PBXFileReference; lastKnownFileType = sourcecode.c.objc; path = LYCoreTextAppleUITests.m; sourceTree = "<group>"; };
		4FC4835123CF2618007E8990 /* Info.plist */ = {isa = PBXFileReference; lastKnownFileType = text.plist.xml; path = Info.plist; sourceTree = "<group>"; };
		4FC4835E23CF2676007E8990 /* CTView.m */ = {isa = PBXFileReference; fileEncoding = 4; lastKnownFileType = sourcecode.c.objc; path = CTView.m; sourceTree = "<group>"; };
		4FC4835F23CF2676007E8990 /* CTLineView.h */ = {isa = PBXFileReference; fileEncoding = 4; lastKnownFileType = sourcecode.c.h; path = CTLineView.h; sourceTree = "<group>"; };
		4FC4836023CF2676007E8990 /* core_text_arch_2x.png */ = {isa = PBXFileReference; lastKnownFileType = image.png; path = core_text_arch_2x.png; sourceTree = "<group>"; };
		4FC4836123CF2676007E8990 /* CTView.h */ = {isa = PBXFileReference; fileEncoding = 4; lastKnownFileType = sourcecode.c.h; path = CTView.h; sourceTree = "<group>"; };
		4FC4836223CF2676007E8990 /* CTLineView.m */ = {isa = PBXFileReference; fileEncoding = 4; lastKnownFileType = sourcecode.c.objc; path = CTLineView.m; sourceTree = "<group>"; };
		4FC4836623CFFF79007E8990 /* CTNonrectangularView.h */ = {isa = PBXFileReference; lastKnownFileType = sourcecode.c.h; path = CTNonrectangularView.h; sourceTree = "<group>"; };
		4FC4836723CFFF79007E8990 /* CTNonrectangularView.m */ = {isa = PBXFileReference; lastKnownFileType = sourcecode.c.objc; path = CTNonrectangularView.m; sourceTree = "<group>"; };
		4FD71C9723D1654000057372 /* CoreTextUtil.h */ = {isa = PBXFileReference; lastKnownFileType = sourcecode.c.h; path = CoreTextUtil.h; sourceTree = "<group>"; };
		4FD71C9823D1654000057372 /* CoreTextUtil.m */ = {isa = PBXFileReference; lastKnownFileType = sourcecode.c.objc; path = CoreTextUtil.m; sourceTree = "<group>"; };
		4FD71C9B23D16D4600057372 /* CTDisplayView.h */ = {isa = PBXFileReference; lastKnownFileType = sourcecode.c.h; path = CTDisplayView.h; sourceTree = "<group>"; };
		4FD71C9C23D16D4600057372 /* CTDisplayView.m */ = {isa = PBXFileReference; lastKnownFileType = sourcecode.c.objc; path = CTDisplayView.m; sourceTree = "<group>"; };
		4FD71C9E23D1945000057372 /* UIView+frameAdjust.m */ = {isa = PBXFileReference; fileEncoding = 4; lastKnownFileType = sourcecode.c.objc; name = "UIView+frameAdjust.m"; path = "../../../../iOS-Pro/DemoProjects/CoreText/CoreTextDemo/Views/UIView+frameAdjust.m"; sourceTree = "<group>"; };
		4FD71C9F23D1945000057372 /* UIView+frameAdjust.h */ = {isa = PBXFileReference; fileEncoding = 4; lastKnownFileType = sourcecode.c.h; name = "UIView+frameAdjust.h"; path = "../../../../iOS-Pro/DemoProjects/CoreText/CoreTextDemo/Views/UIView+frameAdjust.h"; sourceTree = "<group>"; };
		4FD71CA223D403C200057372 /* CTCustomLayer.h */ = {isa = PBXFileReference; lastKnownFileType = sourcecode.c.h; path = CTCustomLayer.h; sourceTree = "<group>"; };
		4FD71CA323D403C200057372 /* CTCustomLayer.m */ = {isa = PBXFileReference; lastKnownFileType = sourcecode.c.objc; path = CTCustomLayer.m; sourceTree = "<group>"; };
		4FD71CA523D4055600057372 /* CTCustomView.h */ = {isa = PBXFileReference; lastKnownFileType = sourcecode.c.h; path = CTCustomView.h; sourceTree = "<group>"; };
		4FD71CA623D4055600057372 /* CTCustomView.m */ = {isa = PBXFileReference; lastKnownFileType = sourcecode.c.objc; path = CTCustomView.m; sourceTree = "<group>"; };
		4FD71CAD23D43F8E00057372 /* WMGAttachment.h */ = {isa = PBXFileReference; lastKnownFileType = sourcecode.c.h; path = WMGAttachment.h; sourceTree = "<group>"; };
		4FD71CAE23D43FF100057372 /* WMGFontMetrics.h */ = {isa = PBXFileReference; lastKnownFileType = sourcecode.c.h; path = WMGFontMetrics.h; sourceTree = "<group>"; };
		4FD71CAF23D43FF100057372 /* WMGFontMetrics.m */ = {isa = PBXFileReference; lastKnownFileType = sourcecode.c.objc; path = WMGFontMetrics.m; sourceTree = "<group>"; };
		4FD71CB123D44ED200057372 /* WMGTextLayoutRun.h */ = {isa = PBXFileReference; lastKnownFileType = sourcecode.c.h; path = WMGTextLayoutRun.h; sourceTree = "<group>"; };
		4FD71CB223D44ED200057372 /* WMGTextLayoutRun.m */ = {isa = PBXFileReference; lastKnownFileType = sourcecode.c.objc; path = WMGTextLayoutRun.m; sourceTree = "<group>"; };
		4FD71CB423D4515000057372 /* WMGTextLayout.h */ = {isa = PBXFileReference; lastKnownFileType = sourcecode.c.h; path = WMGTextLayout.h; sourceTree = "<group>"; };
		4FD71CB523D4515000057372 /* WMGTextLayout.m */ = {isa = PBXFileReference; lastKnownFileType = sourcecode.c.objc; path = WMGTextLayout.m; sourceTree = "<group>"; };
		4FD71CB723D4589400057372 /* WMGTextLayoutFrame.h */ = {isa = PBXFileReference; lastKnownFileType = sourcecode.c.h; path = WMGTextLayoutFrame.h; sourceTree = "<group>"; };
		4FD71CB823D4589400057372 /* WMGTextLayoutFrame.m */ = {isa = PBXFileReference; lastKnownFileType = sourcecode.c.objc; path = WMGTextLayoutFrame.m; sourceTree = "<group>"; };
		4FD71CBA23D458D600057372 /* WMGTextLayoutLine.h */ = {isa = PBXFileReference; lastKnownFileType = sourcecode.c.h; path = WMGTextLayoutLine.h; sourceTree = "<group>"; };
		4FD71CBB23D458D600057372 /* WMGTextLayoutLine.m */ = {isa = PBXFileReference; lastKnownFileType = sourcecode.c.objc; path = WMGTextLayoutLine.m; sourceTree = "<group>"; };
		4FD71CBD23D5527300057372 /* WMGTextDrawer.h */ = {isa = PBXFileReference; lastKnownFileType = sourcecode.c.h; path = WMGTextDrawer.h; sourceTree = "<group>"; };
		4FD71CBE23D5527300057372 /* WMGTextDrawer.m */ = {isa = PBXFileReference; lastKnownFileType = sourcecode.c.objc; path = WMGTextDrawer.m; sourceTree = "<group>"; };
		4FD71CC023D552B600057372 /* WMGTextDrawer+Coordinate.h */ = {isa = PBXFileReference; lastKnownFileType = sourcecode.c.h; path = "WMGTextDrawer+Coordinate.h"; sourceTree = "<group>"; };
		4FD71CC123D552B600057372 /* WMGTextDrawer+Coordinate.m */ = {isa = PBXFileReference; lastKnownFileType = sourcecode.c.objc; path = "WMGTextDrawer+Coordinate.m"; sourceTree = "<group>"; };
		4FD71CC323D5535200057372 /* WMGTextLayout+Coordinate.h */ = {isa = PBXFileReference; lastKnownFileType = sourcecode.c.h; path = "WMGTextLayout+Coordinate.h"; sourceTree = "<group>"; };
		4FD71CC423D5535200057372 /* WMGTextLayout+Coordinate.m */ = {isa = PBXFileReference; lastKnownFileType = sourcecode.c.objc; path = "WMGTextLayout+Coordinate.m"; sourceTree = "<group>"; };
		4FD71CC723D5564600057372 /* NSMutableAttributedString+GTextProperty.h */ = {isa = PBXFileReference; lastKnownFileType = sourcecode.c.h; path = "NSMutableAttributedString+GTextProperty.h"; sourceTree = "<group>"; };
		4FD71CC823D5564600057372 /* NSMutableAttributedString+GTextProperty.m */ = {isa = PBXFileReference; lastKnownFileType = sourcecode.c.objc; path = "NSMutableAttributedString+GTextProperty.m"; sourceTree = "<group>"; };
		4FD71CD423D5B90B00057372 /* 2230188-57a0767a279bb319.png */ = {isa = PBXFileReference; lastKnownFileType = image.png; path = "2230188-57a0767a279bb319.png"; sourceTree = "<group>"; };
		4FD71CD523D5B90B00057372 /* 2230188-cfa554eb5d7a90c6.png */ = {isa = PBXFileReference; lastKnownFileType = image.png; path = "2230188-cfa554eb5d7a90c6.png"; sourceTree = "<group>"; };
		4FD71CD623D5B90B00057372 /* 2230188-ad3809a3652a90a9.png */ = {isa = PBXFileReference; lastKnownFileType = image.png; path = "2230188-ad3809a3652a90a9.png"; sourceTree = "<group>"; };
		4FD71CDA23D69C9700057372 /* WMGTextAttachment.h */ = {isa = PBXFileReference; lastKnownFileType = sourcecode.c.h; path = WMGTextAttachment.h; sourceTree = "<group>"; };
		4FD71CDB23D69C9700057372 /* WMGTextAttachment.m */ = {isa = PBXFileReference; lastKnownFileType = sourcecode.c.objc; path = WMGTextAttachment.m; sourceTree = "<group>"; };
		4FD71CDD23D6A08C00057372 /* WMGTextAttachment+Event.h */ = {isa = PBXFileReference; lastKnownFileType = sourcecode.c.h; path = "WMGTextAttachment+Event.h"; sourceTree = "<group>"; };
		4FD71CE023D6D5FA00057372 /* WMGImage.h */ = {isa = PBXFileReference; lastKnownFileType = sourcecode.c.h; path = WMGImage.h; sourceTree = "<group>"; };
		4FD71CE123D6D5FA00057372 /* WMGImage.m */ = {isa = PBXFileReference; lastKnownFileType = sourcecode.c.objc; path = WMGImage.m; sourceTree = "<group>"; };
		4FD71CE323D6D63F00057372 /* UIImage+Graver.h */ = {isa = PBXFileReference; lastKnownFileType = sourcecode.c.h; path = "UIImage+Graver.h"; sourceTree = "<group>"; };
		4FD71CE423D6D63F00057372 /* UIImage+Graver.m */ = {isa = PBXFileReference; lastKnownFileType = sourcecode.c.objc; path = "UIImage+Graver.m"; sourceTree = "<group>"; };
		4FD71CF323D6DB1400057372 /* UIBezierPath+Graver.h */ = {isa = PBXFileReference; fileEncoding = 4; lastKnownFileType = sourcecode.c.h; path = "UIBezierPath+Graver.h"; sourceTree = "<group>"; };
		4FD71CF423D6DB1400057372 /* UIFont+Graver.h */ = {isa = PBXFileReference; fileEncoding = 4; lastKnownFileType = sourcecode.c.h; path = "UIFont+Graver.h"; sourceTree = "<group>"; };
		4FD71CF523D6DB1400057372 /* UIBezierPath+Graver.m */ = {isa = PBXFileReference; fileEncoding = 4; lastKnownFileType = sourcecode.c.objc; path = "UIBezierPath+Graver.m"; sourceTree = "<group>"; };
		4FD71CF623D6DB1400057372 /* NSObject+Graver.m */ = {isa = PBXFileReference; fileEncoding = 4; lastKnownFileType = sourcecode.c.objc; path = "NSObject+Graver.m"; sourceTree = "<group>"; };
		4FD71CF723D6DB1400057372 /* UIFont+Graver.m */ = {isa = PBXFileReference; fileEncoding = 4; lastKnownFileType = sourcecode.c.objc; path = "UIFont+Graver.m"; sourceTree = "<group>"; };
		4FD71CF823D6DB1400057372 /* NSObject+Graver.h */ = {isa = PBXFileReference; fileEncoding = 4; lastKnownFileType = sourcecode.c.h; path = "NSObject+Graver.h"; sourceTree = "<group>"; };
		4FD71CF923D6DB1400057372 /* UIDevice+Graver.m */ = {isa = PBXFileReference; fileEncoding = 4; lastKnownFileType = sourcecode.c.objc; path = "UIDevice+Graver.m"; sourceTree = "<group>"; };
		4FD71CFA23D6DB1500057372 /* UIDevice+Graver.h */ = {isa = PBXFileReference; fileEncoding = 4; lastKnownFileType = sourcecode.c.h; path = "UIDevice+Graver.h"; sourceTree = "<group>"; };
		4FD71CFF23D6DCAB00057372 /* WMGraverMacroDefine.h */ = {isa = PBXFileReference; lastKnownFileType = sourcecode.c.h; path = WMGraverMacroDefine.h; sourceTree = "<group>"; };
		5101A0A223CF5CFA007B07D2 /* CTMultiColumnView.h */ = {isa = PBXFileReference; lastKnownFileType = sourcecode.c.h; path = CTMultiColumnView.h; sourceTree = "<group>"; };
		5101A0A323CF5CFA007B07D2 /* CTMultiColumnView.m */ = {isa = PBXFileReference; lastKnownFileType = sourcecode.c.objc; path = CTMultiColumnView.m; sourceTree = "<group>"; };
		5101A0A523CF5F50007B07D2 /* CTLineBreaking.h */ = {isa = PBXFileReference; lastKnownFileType = sourcecode.c.h; path = CTLineBreaking.h; sourceTree = "<group>"; };
		5101A0A623CF5F50007B07D2 /* CTLineBreaking.m */ = {isa = PBXFileReference; lastKnownFileType = sourcecode.c.objc; path = CTLineBreaking.m; sourceTree = "<group>"; };
		5101A0A823CF6BF8007B07D2 /* CTParagraphStyleView.h */ = {isa = PBXFileReference; lastKnownFileType = sourcecode.c.h; path = CTParagraphStyleView.h; sourceTree = "<group>"; };
		5101A0A923CF6BF8007B07D2 /* CTParagraphStyleView.m */ = {isa = PBXFileReference; lastKnownFileType = sourcecode.c.objc; path = CTParagraphStyleView.m; sourceTree = "<group>"; };
		655481DF7D94ED2FF0BFD8D0 /* Pods-LYCoreTextAppleTests.debug.xcconfig */ = {isa = PBXFileReference; includeInIndex = 1; lastKnownFileType = text.xcconfig; name = "Pods-LYCoreTextAppleTests.debug.xcconfig"; path = "Target Support Files/Pods-LYCoreTextAppleTests/Pods-LYCoreTextAppleTests.debug.xcconfig"; sourceTree = "<group>"; };
		840044F3431B9A4F4F871457 /* Pods-LYCoreTextAppleTests.release.xcconfig */ = {isa = PBXFileReference; includeInIndex = 1; lastKnownFileType = text.xcconfig; name = "Pods-LYCoreTextAppleTests.release.xcconfig"; path = "Target Support Files/Pods-LYCoreTextAppleTests/Pods-LYCoreTextAppleTests.release.xcconfig"; sourceTree = "<group>"; };
		8987B44E23D0B84000E4FFC2 /* CoreTextData.h */ = {isa = PBXFileReference; lastKnownFileType = sourcecode.c.h; path = CoreTextData.h; sourceTree = "<group>"; };
		8987B44F23D0B84000E4FFC2 /* CoreTextData.m */ = {isa = PBXFileReference; lastKnownFileType = sourcecode.c.objc; path = CoreTextData.m; sourceTree = "<group>"; };
		8987B45123D0BAE600E4FFC2 /* CoreTextImageData.h */ = {isa = PBXFileReference; lastKnownFileType = sourcecode.c.h; path = CoreTextImageData.h; sourceTree = "<group>"; };
		8987B45223D0BAE600E4FFC2 /* CoreTextImageData.m */ = {isa = PBXFileReference; lastKnownFileType = sourcecode.c.objc; path = CoreTextImageData.m; sourceTree = "<group>"; };
		8987B45423D0C0AE00E4FFC2 /* cursor@2x.png */ = {isa = PBXFileReference; lastKnownFileType = image.png; path = "cursor@2x.png"; sourceTree = "<group>"; };
		8987B45523D0C0AE00E4FFC2 /* coretext-image-1.jpg */ = {isa = PBXFileReference; lastKnownFileType = image.jpeg; path = "coretext-image-1.jpg"; sourceTree = "<group>"; };
		8987B45623D0C0AE00E4FFC2 /* coretext-image-2.jpg */ = {isa = PBXFileReference; lastKnownFileType = image.jpeg; path = "coretext-image-2.jpg"; sourceTree = "<group>"; };
		8987B45723D0C0AF00E4FFC2 /* red@2x.png */ = {isa = PBXFileReference; lastKnownFileType = image.png; path = "red@2x.png"; sourceTree = "<group>"; };
		8987B45C23D0C0C900E4FFC2 /* content.json */ = {isa = PBXFileReference; fileEncoding = 4; lastKnownFileType = text.json; path = content.json; sourceTree = "<group>"; };
		8987B45F23D0C15700E4FFC2 /* CTFrameParserConfig.h */ = {isa = PBXFileReference; lastKnownFileType = sourcecode.c.h; path = CTFrameParserConfig.h; sourceTree = "<group>"; };
		8987B46023D0C15700E4FFC2 /* CTFrameParserConfig.m */ = {isa = PBXFileReference; lastKnownFileType = sourcecode.c.objc; path = CTFrameParserConfig.m; sourceTree = "<group>"; };
		8987B46223D0C22600E4FFC2 /* CTFrameParser.h */ = {isa = PBXFileReference; lastKnownFileType = sourcecode.c.h; path = CTFrameParser.h; sourceTree = "<group>"; };
		8987B46323D0C22600E4FFC2 /* CTFrameParser.m */ = {isa = PBXFileReference; lastKnownFileType = sourcecode.c.objc; path = CTFrameParser.m; sourceTree = "<group>"; };
		8987B46523D2026E00E4FFC2 /* CoreTextLinkData.h */ = {isa = PBXFileReference; lastKnownFileType = sourcecode.c.h; path = CoreTextLinkData.h; sourceTree = "<group>"; };
		8987B46623D2026E00E4FFC2 /* CoreTextLinkData.m */ = {isa = PBXFileReference; lastKnownFileType = sourcecode.c.objc; path = CoreTextLinkData.m; sourceTree = "<group>"; };
		93338D41269463BE55EF5EBC /* Pods-LYCoreTextApple.debug.xcconfig */ = {isa = PBXFileReference; includeInIndex = 1; lastKnownFileType = text.xcconfig; name = "Pods-LYCoreTextApple.debug.xcconfig"; path = "Target Support Files/Pods-LYCoreTextApple/Pods-LYCoreTextApple.debug.xcconfig"; sourceTree = "<group>"; };
		9B88981341E16FCDC6FF4760 /* Pods_LYCoreTextAppleUITests.framework */ = {isa = PBXFileReference; explicitFileType = wrapper.framework; includeInIndex = 0; path = Pods_LYCoreTextAppleUITests.framework; sourceTree = BUILT_PRODUCTS_DIR; };
		BA561EB5E749AF06DC197DEA /* Pods-LYCoreTextAppleUITests.release.xcconfig */ = {isa = PBXFileReference; includeInIndex = 1; lastKnownFileType = text.xcconfig; name = "Pods-LYCoreTextAppleUITests.release.xcconfig"; path = "Target Support Files/Pods-LYCoreTextAppleUITests/Pods-LYCoreTextAppleUITests.release.xcconfig"; sourceTree = "<group>"; };
/* End PBXFileReference section */

/* Begin PBXFrameworksBuildPhase section */
		4FC4832223CF2617007E8990 /* Frameworks */ = {
			isa = PBXFrameworksBuildPhase;
			buildActionMask = 2147483647;
			files = (
				E73372F9AC439A5A2224E98D /* Pods_LYCoreTextApple.framework in Frameworks */,
			);
			runOnlyForDeploymentPostprocessing = 0;
		};
		4FC4833D23CF2618007E8990 /* Frameworks */ = {
			isa = PBXFrameworksBuildPhase;
			buildActionMask = 2147483647;
			files = (
				F9C8B7AC749BEAA80AFFA6A1 /* Pods_LYCoreTextAppleTests.framework in Frameworks */,
			);
			runOnlyForDeploymentPostprocessing = 0;
		};
		4FC4834823CF2618007E8990 /* Frameworks */ = {
			isa = PBXFrameworksBuildPhase;
			buildActionMask = 2147483647;
			files = (
				1AFE454613641BDA0101B928 /* Pods_LYCoreTextAppleUITests.framework in Frameworks */,
			);
			runOnlyForDeploymentPostprocessing = 0;
		};
/* End PBXFrameworksBuildPhase section */

/* Begin PBXGroup section */
		4FC4831C23CF2617007E8990 = {
			isa = PBXGroup;
			children = (
				4FC4832723CF2617007E8990 /* LYCoreTextApple */,
				4FC4834323CF2618007E8990 /* LYCoreTextAppleTests */,
				4FC4834E23CF2618007E8990 /* LYCoreTextAppleUITests */,
				4FC4832623CF2617007E8990 /* Products */,
				930F36AC903DA056F916BDF6 /* Pods */,
				E20D5B114B709C51FB970500 /* Frameworks */,
			);
			sourceTree = "<group>";
		};
		4FC4832623CF2617007E8990 /* Products */ = {
			isa = PBXGroup;
			children = (
				4FC4832523CF2617007E8990 /* LYCoreTextApple.app */,
				4FC4834023CF2618007E8990 /* LYCoreTextAppleTests.xctest */,
				4FC4834B23CF2618007E8990 /* LYCoreTextAppleUITests.xctest */,
			);
			name = Products;
			sourceTree = "<group>";
		};
		4FC4832723CF2617007E8990 /* LYCoreTextApple */ = {
			isa = PBXGroup;
			children = (
				4FD71CD323D5B90B00057372 /* 架构图 */,
				4FD71CA823D43F1200057372 /* Graver */,
				8987B45E23D0C0E200E4FFC2 /* Resource */,
				4FD71CA123D4038A00057372 /* LayerTranslate */,
				8987B44C23D0B81100E4FFC2 /* CoreYuan */,
				4FC4835D23CF2676007E8990 /* CoreText */,
				4FC4832823CF2617007E8990 /* AppDelegate.h */,
				4FC4832923CF2617007E8990 /* AppDelegate.m */,
				4FC4832E23CF2617007E8990 /* ViewController.h */,
				4FC4832F23CF2617007E8990 /* ViewController.m */,
				4FC4833123CF2617007E8990 /* Main.storyboard */,
				4FC4833423CF2618007E8990 /* Assets.xcassets */,
				4FC4833623CF2618007E8990 /* LaunchScreen.storyboard */,
				4FC4833923CF2618007E8990 /* Info.plist */,
				4FC4833A23CF2618007E8990 /* main.m */,
			);
			path = LYCoreTextApple;
			sourceTree = "<group>";
		};
		4FC4834323CF2618007E8990 /* LYCoreTextAppleTests */ = {
			isa = PBXGroup;
			children = (
				4FC4834423CF2618007E8990 /* LYCoreTextAppleTests.m */,
				4FC4834623CF2618007E8990 /* Info.plist */,
			);
			path = LYCoreTextAppleTests;
			sourceTree = "<group>";
		};
		4FC4834E23CF2618007E8990 /* LYCoreTextAppleUITests */ = {
			isa = PBXGroup;
			children = (
				4FC4834F23CF2618007E8990 /* LYCoreTextAppleUITests.m */,
				4FC4835123CF2618007E8990 /* Info.plist */,
			);
			path = LYCoreTextAppleUITests;
			sourceTree = "<group>";
		};
		4FC4835D23CF2676007E8990 /* CoreText */ = {
			isa = PBXGroup;
			children = (
				4FC4836123CF2676007E8990 /* CTView.h */,
				4FC4835E23CF2676007E8990 /* CTView.m */,
				4FC4835F23CF2676007E8990 /* CTLineView.h */,
				4FC4836223CF2676007E8990 /* CTLineView.m */,
				5101A0A223CF5CFA007B07D2 /* CTMultiColumnView.h */,
				5101A0A323CF5CFA007B07D2 /* CTMultiColumnView.m */,
				5101A0A523CF5F50007B07D2 /* CTLineBreaking.h */,
				5101A0A623CF5F50007B07D2 /* CTLineBreaking.m */,
				5101A0A823CF6BF8007B07D2 /* CTParagraphStyleView.h */,
				5101A0A923CF6BF8007B07D2 /* CTParagraphStyleView.m */,
				4FC4836623CFFF79007E8990 /* CTNonrectangularView.h */,
				4FC4836723CFFF79007E8990 /* CTNonrectangularView.m */,
			);
			path = CoreText;
			sourceTree = "<group>";
		};
		4FD71C9A23D16CCC00057372 /* Views */ = {
			isa = PBXGroup;
			children = (
				4FD71C9B23D16D4600057372 /* CTDisplayView.h */,
				4FD71C9C23D16D4600057372 /* CTDisplayView.m */,
			);
			path = Views;
			sourceTree = "<group>";
		};
		4FD71CA123D4038A00057372 /* LayerTranslate */ = {
			isa = PBXGroup;
			children = (
				4FD71CA223D403C200057372 /* CTCustomLayer.h */,
				4FD71CA323D403C200057372 /* CTCustomLayer.m */,
				4FD71CA523D4055600057372 /* CTCustomView.h */,
				4FD71CA623D4055600057372 /* CTCustomView.m */,
			);
			name = LayerTranslate;
			path = LYCoreTextApple/LayerTranslate;
			sourceTree = SOURCE_ROOT;
		};
		4FD71CA823D43F1200057372 /* Graver */ = {
			isa = PBXGroup;
			children = (
				4FD71CE623D6DB0500057372 /* Utils */,
				4FD71CC623D5562500057372 /* AttributedItem */,
				4FD71CA923D43F4900057372 /* CoreText */,
				4FD71CFF23D6DCAB00057372 /* WMGraverMacroDefine.h */,
			);
			path = Graver;
			sourceTree = "<group>";
		};
		4FD71CA923D43F4900057372 /* CoreText */ = {
			isa = PBXGroup;
			children = (
				4FD71CAC23D43F7000057372 /* Asscessory */,
				4FD71CAA23D43F7000057372 /* Drawer */,
				4FD71CAB23D43F7000057372 /* Layout */,
			);
			path = CoreText;
			sourceTree = "<group>";
		};
		4FD71CAA23D43F7000057372 /* Drawer */ = {
			isa = PBXGroup;
			children = (
				4FD71CBD23D5527300057372 /* WMGTextDrawer.h */,
				4FD71CBE23D5527300057372 /* WMGTextDrawer.m */,
				4FD71CC023D552B600057372 /* WMGTextDrawer+Coordinate.h */,
				4FD71CC123D552B600057372 /* WMGTextDrawer+Coordinate.m */,
			);
			path = Drawer;
			sourceTree = "<group>";
		};
		4FD71CAB23D43F7000057372 /* Layout */ = {
			isa = PBXGroup;
			children = (
				4FD71CB423D4515000057372 /* WMGTextLayout.h */,
				4FD71CB523D4515000057372 /* WMGTextLayout.m */,
				4FD71CC323D5535200057372 /* WMGTextLayout+Coordinate.h */,
				4FD71CC423D5535200057372 /* WMGTextLayout+Coordinate.m */,
				4FD71CB723D4589400057372 /* WMGTextLayoutFrame.h */,
				4FD71CB823D4589400057372 /* WMGTextLayoutFrame.m */,
				4FD71CBA23D458D600057372 /* WMGTextLayoutLine.h */,
				4FD71CBB23D458D600057372 /* WMGTextLayoutLine.m */,
				4FD71CB123D44ED200057372 /* WMGTextLayoutRun.h */,
				4FD71CB223D44ED200057372 /* WMGTextLayoutRun.m */,
			);
			path = Layout;
			sourceTree = "<group>";
		};
		4FD71CAC23D43F7000057372 /* Asscessory */ = {
			isa = PBXGroup;
			children = (
				4FD71CAD23D43F8E00057372 /* WMGAttachment.h */,
				4FD71CAE23D43FF100057372 /* WMGFontMetrics.h */,
				4FD71CAF23D43FF100057372 /* WMGFontMetrics.m */,
				4FD71CDA23D69C9700057372 /* WMGTextAttachment.h */,
				4FD71CDB23D69C9700057372 /* WMGTextAttachment.m */,
				4FD71CDD23D6A08C00057372 /* WMGTextAttachment+Event.h */,
				4FD71CE023D6D5FA00057372 /* WMGImage.h */,
				4FD71CE123D6D5FA00057372 /* WMGImage.m */,
			);
			path = Asscessory;
			sourceTree = "<group>";
		};
		4FD71CC623D5562500057372 /* AttributedItem */ = {
			isa = PBXGroup;
			children = (
				4FD71CC723D5564600057372 /* NSMutableAttributedString+GTextProperty.h */,
				4FD71CC823D5564600057372 /* NSMutableAttributedString+GTextProperty.m */,
				4FD71CE323D6D63F00057372 /* UIImage+Graver.h */,
				4FD71CE423D6D63F00057372 /* UIImage+Graver.m */,
			);
			path = AttributedItem;
			sourceTree = "<group>";
		};
		4FD71CD323D5B90B00057372 /* 架构图 */ = {
			isa = PBXGroup;
			children = (
				4FC4836023CF2676007E8990 /* core_text_arch_2x.png */,
				4FD71CD423D5B90B00057372 /* 2230188-57a0767a279bb319.png */,
				4FD71CD523D5B90B00057372 /* 2230188-cfa554eb5d7a90c6.png */,
				4FD71CD623D5B90B00057372 /* 2230188-ad3809a3652a90a9.png */,
			);
			path = "架构图";
			sourceTree = "<group>";
		};
		4FD71CE623D6DB0500057372 /* Utils */ = {
			isa = PBXGroup;
			children = (
				4FD71CF823D6DB1400057372 /* NSObject+Graver.h */,
				4FD71CF623D6DB1400057372 /* NSObject+Graver.m */,
				4FD71CF323D6DB1400057372 /* UIBezierPath+Graver.h */,
				4FD71CF523D6DB1400057372 /* UIBezierPath+Graver.m */,
				4FD71CFA23D6DB1500057372 /* UIDevice+Graver.h */,
				4FD71CF923D6DB1400057372 /* UIDevice+Graver.m */,
				4FD71CF423D6DB1400057372 /* UIFont+Graver.h */,
				4FD71CF723D6DB1400057372 /* UIFont+Graver.m */,
			);
			path = Utils;
			sourceTree = "<group>";
		};
		8987B44C23D0B81100E4FFC2 /* CoreYuan */ = {
			isa = PBXGroup;
			children = (
				4FD71C9F23D1945000057372 /* UIView+frameAdjust.h */,
				4FD71C9E23D1945000057372 /* UIView+frameAdjust.m */,
				4FD71C9A23D16CCC00057372 /* Views */,
				8987B44D23D0B82400E4FFC2 /* Models */,
			);
			path = CoreYuan;
			sourceTree = "<group>";
		};
		8987B44D23D0B82400E4FFC2 /* Models */ = {
			isa = PBXGroup;
			children = (
				8987B44E23D0B84000E4FFC2 /* CoreTextData.h */,
				8987B44F23D0B84000E4FFC2 /* CoreTextData.m */,
				8987B45123D0BAE600E4FFC2 /* CoreTextImageData.h */,
				8987B45223D0BAE600E4FFC2 /* CoreTextImageData.m */,
				8987B46523D2026E00E4FFC2 /* CoreTextLinkData.h */,
				8987B46623D2026E00E4FFC2 /* CoreTextLinkData.m */,
				8987B45F23D0C15700E4FFC2 /* CTFrameParserConfig.h */,
				8987B46023D0C15700E4FFC2 /* CTFrameParserConfig.m */,
				8987B46223D0C22600E4FFC2 /* CTFrameParser.h */,
				8987B46323D0C22600E4FFC2 /* CTFrameParser.m */,
				4FD71C9723D1654000057372 /* CoreTextUtil.h */,
				4FD71C9823D1654000057372 /* CoreTextUtil.m */,
			);
			path = Models;
			sourceTree = "<group>";
		};
		8987B45E23D0C0E200E4FFC2 /* Resource */ = {
			isa = PBXGroup;
			children = (
				8987B45C23D0C0C900E4FFC2 /* content.json */,
				8987B45523D0C0AE00E4FFC2 /* coretext-image-1.jpg */,
				8987B45623D0C0AE00E4FFC2 /* coretext-image-2.jpg */,
				8987B45423D0C0AE00E4FFC2 /* cursor@2x.png */,
				8987B45723D0C0AF00E4FFC2 /* red@2x.png */,
			);
			path = Resource;
			sourceTree = "<group>";
		};
		930F36AC903DA056F916BDF6 /* Pods */ = {
			isa = PBXGroup;
			children = (
				93338D41269463BE55EF5EBC /* Pods-LYCoreTextApple.debug.xcconfig */,
				17CBF938310269BC9784D14D /* Pods-LYCoreTextApple.release.xcconfig */,
				655481DF7D94ED2FF0BFD8D0 /* Pods-LYCoreTextAppleTests.debug.xcconfig */,
				840044F3431B9A4F4F871457 /* Pods-LYCoreTextAppleTests.release.xcconfig */,
				2056197610A8CF661FDAD325 /* Pods-LYCoreTextAppleUITests.debug.xcconfig */,
				BA561EB5E749AF06DC197DEA /* Pods-LYCoreTextAppleUITests.release.xcconfig */,
			);
			path = Pods;
			sourceTree = "<group>";
		};
		E20D5B114B709C51FB970500 /* Frameworks */ = {
			isa = PBXGroup;
			children = (
				34489EE955144F0C19573454 /* Pods_LYCoreTextApple.framework */,
				1CF22EA73DFDBE0435039F97 /* Pods_LYCoreTextAppleTests.framework */,
				9B88981341E16FCDC6FF4760 /* Pods_LYCoreTextAppleUITests.framework */,
			);
			name = Frameworks;
			sourceTree = "<group>";
		};
/* End PBXGroup section */

/* Begin PBXNativeTarget section */
		4FC4832423CF2617007E8990 /* LYCoreTextApple */ = {
			isa = PBXNativeTarget;
			buildConfigurationList = 4FC4835423CF2618007E8990 /* Build configuration list for PBXNativeTarget "LYCoreTextApple" */;
			buildPhases = (
				96758D287E095D12EE5C3DBA /* [CP] Check Pods Manifest.lock */,
				4FC4832123CF2617007E8990 /* Sources */,
				4FC4832223CF2617007E8990 /* Frameworks */,
				4FC4832323CF2617007E8990 /* Resources */,
				54E7F84A3A2522517F134AD9 /* [CP] Embed Pods Frameworks */,
			);
			buildRules = (
			);
			dependencies = (
			);
			name = LYCoreTextApple;
			productName = LYCoreTextApple;
			productReference = 4FC4832523CF2617007E8990 /* LYCoreTextApple.app */;
			productType = "com.apple.product-type.application";
		};
		4FC4833F23CF2618007E8990 /* LYCoreTextAppleTests */ = {
			isa = PBXNativeTarget;
			buildConfigurationList = 4FC4835723CF2618007E8990 /* Build configuration list for PBXNativeTarget "LYCoreTextAppleTests" */;
			buildPhases = (
				3808D9AD534BA7361078CC5A /* [CP] Check Pods Manifest.lock */,
				4FC4833C23CF2618007E8990 /* Sources */,
				4FC4833D23CF2618007E8990 /* Frameworks */,
				4FC4833E23CF2618007E8990 /* Resources */,
			);
			buildRules = (
			);
			dependencies = (
				4FC4834223CF2618007E8990 /* PBXTargetDependency */,
			);
			name = LYCoreTextAppleTests;
			productName = LYCoreTextAppleTests;
			productReference = 4FC4834023CF2618007E8990 /* LYCoreTextAppleTests.xctest */;
			productType = "com.apple.product-type.bundle.unit-test";
		};
		4FC4834A23CF2618007E8990 /* LYCoreTextAppleUITests */ = {
			isa = PBXNativeTarget;
			buildConfigurationList = 4FC4835A23CF2618007E8990 /* Build configuration list for PBXNativeTarget "LYCoreTextAppleUITests" */;
			buildPhases = (
				3DC9832F58483E002DE54516 /* [CP] Check Pods Manifest.lock */,
				4FC4834723CF2618007E8990 /* Sources */,
				4FC4834823CF2618007E8990 /* Frameworks */,
				4FC4834923CF2618007E8990 /* Resources */,
			);
			buildRules = (
			);
			dependencies = (
				4FC4834D23CF2618007E8990 /* PBXTargetDependency */,
			);
			name = LYCoreTextAppleUITests;
			productName = LYCoreTextAppleUITests;
			productReference = 4FC4834B23CF2618007E8990 /* LYCoreTextAppleUITests.xctest */;
			productType = "com.apple.product-type.bundle.ui-testing";
		};
/* End PBXNativeTarget section */

/* Begin PBXProject section */
		4FC4831D23CF2617007E8990 /* Project object */ = {
			isa = PBXProject;
			attributes = {
				LastUpgradeCheck = 1120;
				ORGANIZATIONNAME = LY;
				TargetAttributes = {
					4FC4832423CF2617007E8990 = {
						CreatedOnToolsVersion = 11.2.1;
					};
					4FC4833F23CF2618007E8990 = {
						CreatedOnToolsVersion = 11.2.1;
						TestTargetID = 4FC4832423CF2617007E8990;
					};
					4FC4834A23CF2618007E8990 = {
						CreatedOnToolsVersion = 11.2.1;
						TestTargetID = 4FC4832423CF2617007E8990;
					};
				};
			};
			buildConfigurationList = 4FC4832023CF2617007E8990 /* Build configuration list for PBXProject "LYCoreTextApple" */;
			compatibilityVersion = "Xcode 9.3";
			developmentRegion = en;
			hasScannedForEncodings = 0;
			knownRegions = (
				en,
				Base,
			);
			mainGroup = 4FC4831C23CF2617007E8990;
			productRefGroup = 4FC4832623CF2617007E8990 /* Products */;
			projectDirPath = "";
			projectRoot = "";
			targets = (
				4FC4832423CF2617007E8990 /* LYCoreTextApple */,
				4FC4833F23CF2618007E8990 /* LYCoreTextAppleTests */,
				4FC4834A23CF2618007E8990 /* LYCoreTextAppleUITests */,
			);
		};
/* End PBXProject section */

/* Begin PBXResourcesBuildPhase section */
		4FC4832323CF2617007E8990 /* Resources */ = {
			isa = PBXResourcesBuildPhase;
			buildActionMask = 2147483647;
			files = (
				4FC4833823CF2618007E8990 /* LaunchScreen.storyboard in Resources */,
				8987B45923D0C0AF00E4FFC2 /* coretext-image-1.jpg in Resources */,
				8987B45B23D0C0AF00E4FFC2 /* red@2x.png in Resources */,
				8987B45A23D0C0AF00E4FFC2 /* coretext-image-2.jpg in Resources */,
				4FC4833523CF2618007E8990 /* Assets.xcassets in Resources */,
				4FC4833323CF2617007E8990 /* Main.storyboard in Resources */,
				4FD71CD923D5B90B00057372 /* 2230188-ad3809a3652a90a9.png in Resources */,
				8987B45823D0C0AF00E4FFC2 /* cursor@2x.png in Resources */,
				4FC4836423CF2677007E8990 /* core_text_arch_2x.png in Resources */,
				8987B45D23D0C0C900E4FFC2 /* content.json in Resources */,
				4FD71CD723D5B90B00057372 /* 2230188-57a0767a279bb319.png in Resources */,
				4FD71CD823D5B90B00057372 /* 2230188-cfa554eb5d7a90c6.png in Resources */,
			);
			runOnlyForDeploymentPostprocessing = 0;
		};
		4FC4833E23CF2618007E8990 /* Resources */ = {
			isa = PBXResourcesBuildPhase;
			buildActionMask = 2147483647;
			files = (
			);
			runOnlyForDeploymentPostprocessing = 0;
		};
		4FC4834923CF2618007E8990 /* Resources */ = {
			isa = PBXResourcesBuildPhase;
			buildActionMask = 2147483647;
			files = (
			);
			runOnlyForDeploymentPostprocessing = 0;
		};
/* End PBXResourcesBuildPhase section */

/* Begin PBXShellScriptBuildPhase section */
		3808D9AD534BA7361078CC5A /* [CP] Check Pods Manifest.lock */ = {
			isa = PBXShellScriptBuildPhase;
			buildActionMask = 2147483647;
			files = (
			);
			inputFileListPaths = (
			);
			inputPaths = (
				"${PODS_PODFILE_DIR_PATH}/Podfile.lock",
				"${PODS_ROOT}/Manifest.lock",
			);
			name = "[CP] Check Pods Manifest.lock";
			outputFileListPaths = (
			);
			outputPaths = (
				"$(DERIVED_FILE_DIR)/Pods-LYCoreTextAppleTests-checkManifestLockResult.txt",
			);
			runOnlyForDeploymentPostprocessing = 0;
			shellPath = /bin/sh;
			shellScript = "diff \"${PODS_PODFILE_DIR_PATH}/Podfile.lock\" \"${PODS_ROOT}/Manifest.lock\" > /dev/null\nif [ $? != 0 ] ; then\n    # print error to STDERR\n    echo \"error: The sandbox is not in sync with the Podfile.lock. Run 'pod install' or update your CocoaPods installation.\" >&2\n    exit 1\nfi\n# This output is used by Xcode 'outputs' to avoid re-running this script phase.\necho \"SUCCESS\" > \"${SCRIPT_OUTPUT_FILE_0}\"\n";
			showEnvVarsInLog = 0;
		};
		3DC9832F58483E002DE54516 /* [CP] Check Pods Manifest.lock */ = {
			isa = PBXShellScriptBuildPhase;
			buildActionMask = 2147483647;
			files = (
			);
			inputFileListPaths = (
			);
			inputPaths = (
				"${PODS_PODFILE_DIR_PATH}/Podfile.lock",
				"${PODS_ROOT}/Manifest.lock",
			);
			name = "[CP] Check Pods Manifest.lock";
			outputFileListPaths = (
			);
			outputPaths = (
				"$(DERIVED_FILE_DIR)/Pods-LYCoreTextAppleUITests-checkManifestLockResult.txt",
			);
			runOnlyForDeploymentPostprocessing = 0;
			shellPath = /bin/sh;
			shellScript = "diff \"${PODS_PODFILE_DIR_PATH}/Podfile.lock\" \"${PODS_ROOT}/Manifest.lock\" > /dev/null\nif [ $? != 0 ] ; then\n    # print error to STDERR\n    echo \"error: The sandbox is not in sync with the Podfile.lock. Run 'pod install' or update your CocoaPods installation.\" >&2\n    exit 1\nfi\n# This output is used by Xcode 'outputs' to avoid re-running this script phase.\necho \"SUCCESS\" > \"${SCRIPT_OUTPUT_FILE_0}\"\n";
			showEnvVarsInLog = 0;
		};
		54E7F84A3A2522517F134AD9 /* [CP] Embed Pods Frameworks */ = {
			isa = PBXShellScriptBuildPhase;
			buildActionMask = 2147483647;
			files = (
			);
			inputFileListPaths = (
				"${PODS_ROOT}/Target Support Files/Pods-LYCoreTextApple/Pods-LYCoreTextApple-frameworks-${CONFIGURATION}-input-files.xcfilelist",
			);
			name = "[CP] Embed Pods Frameworks";
			outputFileListPaths = (
				"${PODS_ROOT}/Target Support Files/Pods-LYCoreTextApple/Pods-LYCoreTextApple-frameworks-${CONFIGURATION}-output-files.xcfilelist",
			);
			runOnlyForDeploymentPostprocessing = 0;
			shellPath = /bin/sh;
			shellScript = "\"${PODS_ROOT}/Target Support Files/Pods-LYCoreTextApple/Pods-LYCoreTextApple-frameworks.sh\"\n";
			showEnvVarsInLog = 0;
		};
		96758D287E095D12EE5C3DBA /* [CP] Check Pods Manifest.lock */ = {
			isa = PBXShellScriptBuildPhase;
			buildActionMask = 2147483647;
			files = (
			);
			inputFileListPaths = (
			);
			inputPaths = (
				"${PODS_PODFILE_DIR_PATH}/Podfile.lock",
				"${PODS_ROOT}/Manifest.lock",
			);
			name = "[CP] Check Pods Manifest.lock";
			outputFileListPaths = (
			);
			outputPaths = (
				"$(DERIVED_FILE_DIR)/Pods-LYCoreTextApple-checkManifestLockResult.txt",
			);
			runOnlyForDeploymentPostprocessing = 0;
			shellPath = /bin/sh;
			shellScript = "diff \"${PODS_PODFILE_DIR_PATH}/Podfile.lock\" \"${PODS_ROOT}/Manifest.lock\" > /dev/null\nif [ $? != 0 ] ; then\n    # print error to STDERR\n    echo \"error: The sandbox is not in sync with the Podfile.lock. Run 'pod install' or update your CocoaPods installation.\" >&2\n    exit 1\nfi\n# This output is used by Xcode 'outputs' to avoid re-running this script phase.\necho \"SUCCESS\" > \"${SCRIPT_OUTPUT_FILE_0}\"\n";
			showEnvVarsInLog = 0;
		};
/* End PBXShellScriptBuildPhase section */

/* Begin PBXSourcesBuildPhase section */
		4FC4832123CF2617007E8990 /* Sources */ = {
			isa = PBXSourcesBuildPhase;
			buildActionMask = 2147483647;
			files = (
				4FD71CB023D43FF100057372 /* WMGFontMetrics.m in Sources */,
				4FC4833023CF2617007E8990 /* ViewController.m in Sources */,
				4FD71C9D23D16D4600057372 /* CTDisplayView.m in Sources */,
				4FD71CDC23D69C9700057372 /* WMGTextAttachment.m in Sources */,
				8987B45323D0BAE600E4FFC2 /* CoreTextImageData.m in Sources */,
				5101A0A723CF5F50007B07D2 /* CTLineBreaking.m in Sources */,
				4FD71CA723D4055600057372 /* CTCustomView.m in Sources */,
				4FC4836823CFFF79007E8990 /* CTNonrectangularView.m in Sources */,
				5101A0AA23CF6BF8007B07D2 /* CTParagraphStyleView.m in Sources */,
				4FC4836523CF2677007E8990 /* CTLineView.m in Sources */,
				4FD71CB323D44ED200057372 /* WMGTextLayoutRun.m in Sources */,
				4FD71CE223D6D5FA00057372 /* WMGImage.m in Sources */,
				4FD71CE523D6D63F00057372 /* UIImage+Graver.m in Sources */,
				4FD71CFD23D6DB1500057372 /* UIFont+Graver.m in Sources */,
				4FD71CC923D5564600057372 /* NSMutableAttributedString+GTextProperty.m in Sources */,
				4FD71CFB23D6DB1500057372 /* UIBezierPath+Graver.m in Sources */,
				4FD71CA423D403C200057372 /* CTCustomLayer.m in Sources */,
				4FD71CFC23D6DB1500057372 /* NSObject+Graver.m in Sources */,
				8987B46423D0C22600E4FFC2 /* CTFrameParser.m in Sources */,
				4FD71CB623D4515000057372 /* WMGTextLayout.m in Sources */,
				4FC4832A23CF2617007E8990 /* AppDelegate.m in Sources */,
				8987B46723D2026E00E4FFC2 /* CoreTextLinkData.m in Sources */,
				4FD71CC523D5535200057372 /* WMGTextLayout+Coordinate.m in Sources */,
				4FD71CA023D1945100057372 /* UIView+frameAdjust.m in Sources */,
				8987B45023D0B84000E4FFC2 /* CoreTextData.m in Sources */,
				4FD71CC223D552B600057372 /* WMGTextDrawer+Coordinate.m in Sources */,
				4FD71C9923D1654000057372 /* CoreTextUtil.m in Sources */,
				4FC4833B23CF2618007E8990 /* main.m in Sources */,
				4FD71CFE23D6DB1500057372 /* UIDevice+Graver.m in Sources */,
				4FD71CBF23D5527300057372 /* WMGTextDrawer.m in Sources */,
				4FD71CB923D4589400057372 /* WMGTextLayoutFrame.m in Sources */,
				4FD71CBC23D458D600057372 /* WMGTextLayoutLine.m in Sources */,
				8987B46123D0C15700E4FFC2 /* CTFrameParserConfig.m in Sources */,
				4FC4836323CF2677007E8990 /* CTView.m in Sources */,
				5101A0A423CF5CFA007B07D2 /* CTMultiColumnView.m in Sources */,
			);
			runOnlyForDeploymentPostprocessing = 0;
		};
		4FC4833C23CF2618007E8990 /* Sources */ = {
			isa = PBXSourcesBuildPhase;
			buildActionMask = 2147483647;
			files = (
				4FC4834523CF2618007E8990 /* LYCoreTextAppleTests.m in Sources */,
			);
			runOnlyForDeploymentPostprocessing = 0;
		};
		4FC4834723CF2618007E8990 /* Sources */ = {
			isa = PBXSourcesBuildPhase;
			buildActionMask = 2147483647;
			files = (
				4FC4835023CF2618007E8990 /* LYCoreTextAppleUITests.m in Sources */,
			);
			runOnlyForDeploymentPostprocessing = 0;
		};
/* End PBXSourcesBuildPhase section */

/* Begin PBXTargetDependency section */
		4FC4834223CF2618007E8990 /* PBXTargetDependency */ = {
			isa = PBXTargetDependency;
			target = 4FC4832423CF2617007E8990 /* LYCoreTextApple */;
			targetProxy = 4FC4834123CF2618007E8990 /* PBXContainerItemProxy */;
		};
		4FC4834D23CF2618007E8990 /* PBXTargetDependency */ = {
			isa = PBXTargetDependency;
			target = 4FC4832423CF2617007E8990 /* LYCoreTextApple */;
			targetProxy = 4FC4834C23CF2618007E8990 /* PBXContainerItemProxy */;
		};
/* End PBXTargetDependency section */

/* Begin PBXVariantGroup section */
		4FC4833123CF2617007E8990 /* Main.storyboard */ = {
			isa = PBXVariantGroup;
			children = (
				4FC4833223CF2617007E8990 /* Base */,
			);
			name = Main.storyboard;
			sourceTree = "<group>";
		};
		4FC4833623CF2618007E8990 /* LaunchScreen.storyboard */ = {
			isa = PBXVariantGroup;
			children = (
				4FC4833723CF2618007E8990 /* Base */,
			);
			name = LaunchScreen.storyboard;
			sourceTree = "<group>";
		};
/* End PBXVariantGroup section */

/* Begin XCBuildConfiguration section */
		4FC4835223CF2618007E8990 /* Debug */ = {
			isa = XCBuildConfiguration;
			buildSettings = {
				ALWAYS_SEARCH_USER_PATHS = NO;
				CLANG_ANALYZER_NONNULL = YES;
				CLANG_ANALYZER_NUMBER_OBJECT_CONVERSION = YES_AGGRESSIVE;
				CLANG_CXX_LANGUAGE_STANDARD = "gnu++14";
				CLANG_CXX_LIBRARY = "libc++";
				CLANG_ENABLE_MODULES = YES;
				CLANG_ENABLE_OBJC_ARC = YES;
				CLANG_ENABLE_OBJC_WEAK = YES;
				CLANG_WARN_BLOCK_CAPTURE_AUTORELEASING = YES;
				CLANG_WARN_BOOL_CONVERSION = YES;
				CLANG_WARN_COMMA = YES;
				CLANG_WARN_CONSTANT_CONVERSION = YES;
				CLANG_WARN_DEPRECATED_OBJC_IMPLEMENTATIONS = YES;
				CLANG_WARN_DIRECT_OBJC_ISA_USAGE = YES_ERROR;
				CLANG_WARN_DOCUMENTATION_COMMENTS = YES;
				CLANG_WARN_EMPTY_BODY = YES;
				CLANG_WARN_ENUM_CONVERSION = YES;
				CLANG_WARN_INFINITE_RECURSION = YES;
				CLANG_WARN_INT_CONVERSION = YES;
				CLANG_WARN_NON_LITERAL_NULL_CONVERSION = YES;
				CLANG_WARN_OBJC_IMPLICIT_RETAIN_SELF = YES;
				CLANG_WARN_OBJC_LITERAL_CONVERSION = YES;
				CLANG_WARN_OBJC_ROOT_CLASS = YES_ERROR;
				CLANG_WARN_RANGE_LOOP_ANALYSIS = YES;
				CLANG_WARN_STRICT_PROTOTYPES = YES;
				CLANG_WARN_SUSPICIOUS_MOVE = YES;
				CLANG_WARN_UNGUARDED_AVAILABILITY = YES_AGGRESSIVE;
				CLANG_WARN_UNREACHABLE_CODE = YES;
				CLANG_WARN__DUPLICATE_METHOD_MATCH = YES;
				COPY_PHASE_STRIP = NO;
				DEBUG_INFORMATION_FORMAT = dwarf;
				ENABLE_STRICT_OBJC_MSGSEND = YES;
				ENABLE_TESTABILITY = YES;
				GCC_C_LANGUAGE_STANDARD = gnu11;
				GCC_DYNAMIC_NO_PIC = NO;
				GCC_NO_COMMON_BLOCKS = YES;
				GCC_OPTIMIZATION_LEVEL = 0;
				GCC_PREPROCESSOR_DEFINITIONS = (
					"DEBUG=1",
					"$(inherited)",
				);
				GCC_WARN_64_TO_32_BIT_CONVERSION = YES;
				GCC_WARN_ABOUT_RETURN_TYPE = YES_ERROR;
				GCC_WARN_UNDECLARED_SELECTOR = YES;
				GCC_WARN_UNINITIALIZED_AUTOS = YES_AGGRESSIVE;
				GCC_WARN_UNUSED_FUNCTION = YES;
				GCC_WARN_UNUSED_VARIABLE = YES;
				IPHONEOS_DEPLOYMENT_TARGET = 13.2;
				MTL_ENABLE_DEBUG_INFO = INCLUDE_SOURCE;
				MTL_FAST_MATH = YES;
				ONLY_ACTIVE_ARCH = YES;
				SDKROOT = iphoneos;
			};
			name = Debug;
		};
		4FC4835323CF2618007E8990 /* Release */ = {
			isa = XCBuildConfiguration;
			buildSettings = {
				ALWAYS_SEARCH_USER_PATHS = NO;
				CLANG_ANALYZER_NONNULL = YES;
				CLANG_ANALYZER_NUMBER_OBJECT_CONVERSION = YES_AGGRESSIVE;
				CLANG_CXX_LANGUAGE_STANDARD = "gnu++14";
				CLANG_CXX_LIBRARY = "libc++";
				CLANG_ENABLE_MODULES = YES;
				CLANG_ENABLE_OBJC_ARC = YES;
				CLANG_ENABLE_OBJC_WEAK = YES;
				CLANG_WARN_BLOCK_CAPTURE_AUTORELEASING = YES;
				CLANG_WARN_BOOL_CONVERSION = YES;
				CLANG_WARN_COMMA = YES;
				CLANG_WARN_CONSTANT_CONVERSION = YES;
				CLANG_WARN_DEPRECATED_OBJC_IMPLEMENTATIONS = YES;
				CLANG_WARN_DIRECT_OBJC_ISA_USAGE = YES_ERROR;
				CLANG_WARN_DOCUMENTATION_COMMENTS = YES;
				CLANG_WARN_EMPTY_BODY = YES;
				CLANG_WARN_ENUM_CONVERSION = YES;
				CLANG_WARN_INFINITE_RECURSION = YES;
				CLANG_WARN_INT_CONVERSION = YES;
				CLANG_WARN_NON_LITERAL_NULL_CONVERSION = YES;
				CLANG_WARN_OBJC_IMPLICIT_RETAIN_SELF = YES;
				CLANG_WARN_OBJC_LITERAL_CONVERSION = YES;
				CLANG_WARN_OBJC_ROOT_CLASS = YES_ERROR;
				CLANG_WARN_RANGE_LOOP_ANALYSIS = YES;
				CLANG_WARN_STRICT_PROTOTYPES = YES;
				CLANG_WARN_SUSPICIOUS_MOVE = YES;
				CLANG_WARN_UNGUARDED_AVAILABILITY = YES_AGGRESSIVE;
				CLANG_WARN_UNREACHABLE_CODE = YES;
				CLANG_WARN__DUPLICATE_METHOD_MATCH = YES;
				COPY_PHASE_STRIP = NO;
				DEBUG_INFORMATION_FORMAT = "dwarf-with-dsym";
				ENABLE_NS_ASSERTIONS = NO;
				ENABLE_STRICT_OBJC_MSGSEND = YES;
				GCC_C_LANGUAGE_STANDARD = gnu11;
				GCC_NO_COMMON_BLOCKS = YES;
				GCC_WARN_64_TO_32_BIT_CONVERSION = YES;
				GCC_WARN_ABOUT_RETURN_TYPE = YES_ERROR;
				GCC_WARN_UNDECLARED_SELECTOR = YES;
				GCC_WARN_UNINITIALIZED_AUTOS = YES_AGGRESSIVE;
				GCC_WARN_UNUSED_FUNCTION = YES;
				GCC_WARN_UNUSED_VARIABLE = YES;
				IPHONEOS_DEPLOYMENT_TARGET = 13.2;
				MTL_ENABLE_DEBUG_INFO = NO;
				MTL_FAST_MATH = YES;
				SDKROOT = iphoneos;
				VALIDATE_PRODUCT = YES;
			};
			name = Release;
		};
		4FC4835523CF2618007E8990 /* Debug */ = {
			isa = XCBuildConfiguration;
			baseConfigurationReference = 93338D41269463BE55EF5EBC /* Pods-LYCoreTextApple.debug.xcconfig */;
			buildSettings = {
				ASSETCATALOG_COMPILER_APPICON_NAME = AppIcon;
				CODE_SIGN_STYLE = Automatic;
				INFOPLIST_FILE = LYCoreTextApple/Info.plist;
				IPHONEOS_DEPLOYMENT_TARGET = 12.1;
				LD_RUNPATH_SEARCH_PATHS = (
					"$(inherited)",
					"@executable_path/Frameworks",
				);
				PRODUCT_BUNDLE_IDENTIFIER = LY.com.LYCoreTextApple;
				PRODUCT_NAME = "$(TARGET_NAME)";
				TARGETED_DEVICE_FAMILY = "1,2";
			};
			name = Debug;
		};
		4FC4835623CF2618007E8990 /* Release */ = {
			isa = XCBuildConfiguration;
			baseConfigurationReference = 17CBF938310269BC9784D14D /* Pods-LYCoreTextApple.release.xcconfig */;
			buildSettings = {
				ASSETCATALOG_COMPILER_APPICON_NAME = AppIcon;
				CODE_SIGN_STYLE = Automatic;
				INFOPLIST_FILE = LYCoreTextApple/Info.plist;
				IPHONEOS_DEPLOYMENT_TARGET = 12.1;
				LD_RUNPATH_SEARCH_PATHS = (
					"$(inherited)",
					"@executable_path/Frameworks",
				);
				PRODUCT_BUNDLE_IDENTIFIER = LY.com.LYCoreTextApple;
				PRODUCT_NAME = "$(TARGET_NAME)";
				TARGETED_DEVICE_FAMILY = "1,2";
			};
			name = Release;
		};
		4FC4835823CF2618007E8990 /* Debug */ = {
			isa = XCBuildConfiguration;
			baseConfigurationReference = 655481DF7D94ED2FF0BFD8D0 /* Pods-LYCoreTextAppleTests.debug.xcconfig */;
			buildSettings = {
				BUNDLE_LOADER = "$(TEST_HOST)";
				CODE_SIGN_STYLE = Automatic;
				INFOPLIST_FILE = LYCoreTextAppleTests/Info.plist;
				IPHONEOS_DEPLOYMENT_TARGET = 13.2;
				LD_RUNPATH_SEARCH_PATHS = (
					"$(inherited)",
					"@executable_path/Frameworks",
					"@loader_path/Frameworks",
				);
				PRODUCT_BUNDLE_IDENTIFIER = LY.com.LYCoreTextAppleTests;
				PRODUCT_NAME = "$(TARGET_NAME)";
				TARGETED_DEVICE_FAMILY = "1,2";
				TEST_HOST = "$(BUILT_PRODUCTS_DIR)/LYCoreTextApple.app/LYCoreTextApple";
			};
			name = Debug;
		};
		4FC4835923CF2618007E8990 /* Release */ = {
			isa = XCBuildConfiguration;
			baseConfigurationReference = 840044F3431B9A4F4F871457 /* Pods-LYCoreTextAppleTests.release.xcconfig */;
			buildSettings = {
				BUNDLE_LOADER = "$(TEST_HOST)";
				CODE_SIGN_STYLE = Automatic;
				INFOPLIST_FILE = LYCoreTextAppleTests/Info.plist;
				IPHONEOS_DEPLOYMENT_TARGET = 13.2;
				LD_RUNPATH_SEARCH_PATHS = (
					"$(inherited)",
					"@executable_path/Frameworks",
					"@loader_path/Frameworks",
				);
				PRODUCT_BUNDLE_IDENTIFIER = LY.com.LYCoreTextAppleTests;
				PRODUCT_NAME = "$(TARGET_NAME)";
				TARGETED_DEVICE_FAMILY = "1,2";
				TEST_HOST = "$(BUILT_PRODUCTS_DIR)/LYCoreTextApple.app/LYCoreTextApple";
			};
			name = Release;
		};
		4FC4835B23CF2618007E8990 /* Debug */ = {
			isa = XCBuildConfiguration;
			baseConfigurationReference = 2056197610A8CF661FDAD325 /* Pods-LYCoreTextAppleUITests.debug.xcconfig */;
			buildSettings = {
				CODE_SIGN_STYLE = Automatic;
				INFOPLIST_FILE = LYCoreTextAppleUITests/Info.plist;
				LD_RUNPATH_SEARCH_PATHS = (
					"$(inherited)",
					"@executable_path/Frameworks",
					"@loader_path/Frameworks",
				);
				PRODUCT_BUNDLE_IDENTIFIER = LY.com.LYCoreTextAppleUITests;
				PRODUCT_NAME = "$(TARGET_NAME)";
				TARGETED_DEVICE_FAMILY = "1,2";
				TEST_TARGET_NAME = LYCoreTextApple;
			};
			name = Debug;
		};
		4FC4835C23CF2618007E8990 /* Release */ = {
			isa = XCBuildConfiguration;
			baseConfigurationReference = BA561EB5E749AF06DC197DEA /* Pods-LYCoreTextAppleUITests.release.xcconfig */;
			buildSettings = {
				CODE_SIGN_STYLE = Automatic;
				INFOPLIST_FILE = LYCoreTextAppleUITests/Info.plist;
				LD_RUNPATH_SEARCH_PATHS = (
					"$(inherited)",
					"@executable_path/Frameworks",
					"@loader_path/Frameworks",
				);
				PRODUCT_BUNDLE_IDENTIFIER = LY.com.LYCoreTextAppleUITests;
				PRODUCT_NAME = "$(TARGET_NAME)";
				TARGETED_DEVICE_FAMILY = "1,2";
				TEST_TARGET_NAME = LYCoreTextApple;
			};
			name = Release;
		};
/* End XCBuildConfiguration section */

/* Begin XCConfigurationList section */
		4FC4832023CF2617007E8990 /* Build configuration list for PBXProject "LYCoreTextApple" */ = {
			isa = XCConfigurationList;
			buildConfigurations = (
				4FC4835223CF2618007E8990 /* Debug */,
				4FC4835323CF2618007E8990 /* Release */,
			);
			defaultConfigurationIsVisible = 0;
			defaultConfigurationName = Release;
		};
		4FC4835423CF2618007E8990 /* Build configuration list for PBXNativeTarget "LYCoreTextApple" */ = {
			isa = XCConfigurationList;
			buildConfigurations = (
				4FC4835523CF2618007E8990 /* Debug */,
				4FC4835623CF2618007E8990 /* Release */,
			);
			defaultConfigurationIsVisible = 0;
			defaultConfigurationName = Release;
		};
		4FC4835723CF2618007E8990 /* Build configuration list for PBXNativeTarget "LYCoreTextAppleTests" */ = {
			isa = XCConfigurationList;
			buildConfigurations = (
				4FC4835823CF2618007E8990 /* Debug */,
				4FC4835923CF2618007E8990 /* Release */,
			);
			defaultConfigurationIsVisible = 0;
			defaultConfigurationName = Release;
		};
		4FC4835A23CF2618007E8990 /* Build configuration list for PBXNativeTarget "LYCoreTextAppleUITests" */ = {
			isa = XCConfigurationList;
			buildConfigurations = (
				4FC4835B23CF2618007E8990 /* Debug */,
				4FC4835C23CF2618007E8990 /* Release */,
			);
			defaultConfigurationIsVisible = 0;
			defaultConfigurationName = Release;
		};
/* End XCConfigurationList section */
	};
	rootObject = 4FC4831D23CF2617007E8990 /* Project object */;
}
